
Microsoft Visual Studio Solution File, Format Version 12.00
# Visual Studio Version 16
VisualStudioVersion = 16.0.31129.286
MinimumVisualStudioVersion = 10.0.40219.1
Project("{FAE04EC0-301F-11D3-BF4B-00C04F79EFBC}") = "DeansSystem", "DeansSystem\DeansSystem.csproj", "{78DE73B0-5DF2-40C0-B0DA-038B4DAC0CF8}"
EndProject
Global
	GlobalSection(SolutionConfigurationPlatforms) = preSolution
		Debug|Any CPU = Debug|Any CPU
		Release|Any CPU = Release|Any CPU
	EndGlobalSection
	GlobalSection(ProjectConfigurationPlatforms) = postSolution
		{78DE73B0-5DF2-40C0-B0DA-038B4DAC0CF8}.Debug|Any CPU.ActiveCfg = Debug|Any CPU
		{78DE73B0-5DF2-40C0-B0DA-038B4DAC0CF8}.Debug|Any CPU.Build.0 = Debug|Any CPU
		{78DE73B0-5DF2-40C0-B0DA-038B4DAC0CF8}.Release|Any CPU.ActiveCfg = Release|Any CPU
		{78DE73B0-5DF2-40C0-B0DA-038B4DAC0CF8}.Release|Any CPU.Build.0 = Release|Any CPU
	EndGlobalSection
	GlobalSection(SolutionProperties) = preSolution
		HideSolutionNode = FALSE
	EndGlobalSection
	GlobalSection(ExtensibilityGlobals) = postSolution
		SolutionGuid = {F8070C8D-4013-4459-9566-79B47DBEBB54}
	EndGlobalSection
EndGlobal
